
Microsoft Visual Studio Solution File, Format Version 12.00
# Visual Studio Version 17
VisualStudioVersion = 17.0.31903.59
MinimumVisualStudioVersion = 10.0.40219.1
Project("{FAE04EC0-301F-11D3-BF4B-00C04F79EFBC}") = "MbApifyer", "lib\MbApifyer.csproj", "{8D4C0D9B-4731-44A4-B0E3-4E7676802A75}"
EndProject
Project("{2150E333-8FDC-42A3-9474-1A3956D46DE8}") = "examples", "examples", "{E9C5865C-AD3A-4EA4-BA4B-7CA1A9057D44}"
EndProject
Project("{FAE04EC0-301F-11D3-BF4B-00C04F79EFBC}") = "MqttExample", "examples\mqtt\MqttExample.csproj", "{3B1527C7-F286-4762-9F13-CD3DF0C36A5C}"
EndProject
Global
	GlobalSection(SolutionConfigurationPlatforms) = preSolution
		Debug|Any CPU = Debug|Any CPU
		Release|Any CPU = Release|Any CPU
	EndGlobalSection
	GlobalSection(SolutionProperties) = preSolution
		HideSolutionNode = FALSE
	EndGlobalSection
	GlobalSection(ProjectConfigurationPlatforms) = postSolution
		{8D4C0D9B-4731-44A4-B0E3-4E7676802A75}.Debug|Any CPU.ActiveCfg = Debug|Any CPU
		{8D4C0D9B-4731-44A4-B0E3-4E7676802A75}.Debug|Any CPU.Build.0 = Debug|Any CPU
		{8D4C0D9B-4731-44A4-B0E3-4E7676802A75}.Release|Any CPU.ActiveCfg = Release|Any CPU
		{8D4C0D9B-4731-44A4-B0E3-4E7676802A75}.Release|Any CPU.Build.0 = Release|Any CPU
		{3B1527C7-F286-4762-9F13-CD3DF0C36A5C}.Debug|Any CPU.ActiveCfg = Debug|Any CPU
		{3B1527C7-F286-4762-9F13-CD3DF0C36A5C}.Debug|Any CPU.Build.0 = Debug|Any CPU
		{3B1527C7-F286-4762-9F13-CD3DF0C36A5C}.Release|Any CPU.ActiveCfg = Release|Any CPU
		{3B1527C7-F286-4762-9F13-CD3DF0C36A5C}.Release|Any CPU.Build.0 = Release|Any CPU
	EndGlobalSection
	GlobalSection(NestedProjects) = preSolution
		{3B1527C7-F286-4762-9F13-CD3DF0C36A5C} = {E9C5865C-AD3A-4EA4-BA4B-7CA1A9057D44}
	EndGlobalSection
EndGlobal
